
Microsoft Visual Studio Solution File, Format Version 12.00
# Visual Studio Version 17
VisualStudioVersion = 17.1.32228.430
MinimumVisualStudioVersion = 10.0.40219.1
Project("{9A19103F-16F7-4668-BE54-9A1E7A4F7556}") = "EjemploWindowsForms", "..\..\..\Documents\Visual Studio 2022\EjemploWindowsForms\EjemploWindowsForms.csproj", "{21C43928-F561-4324-812F-1943BF69D538}"
EndProject
Global
	GlobalSection(SolutionConfigurationPlatforms) = preSolution
		Debug|Any CPU = Debug|Any CPU
		Release|Any CPU = Release|Any CPU
	EndGlobalSection
	GlobalSection(ProjectConfigurationPlatforms) = postSolution
		{21C43928-F561-4324-812F-1943BF69D538}.Debug|Any CPU.ActiveCfg = Debug|Any CPU
		{21C43928-F561-4324-812F-1943BF69D538}.Debug|Any CPU.Build.0 = Debug|Any CPU
		{21C43928-F561-4324-812F-1943BF69D538}.Release|Any CPU.ActiveCfg = Release|Any CPU
		{21C43928-F561-4324-812F-1943BF69D538}.Release|Any CPU.Build.0 = Release|Any CPU
	EndGlobalSection
	GlobalSection(SolutionProperties) = preSolution
		HideSolutionNode = FALSE
	EndGlobalSection
	GlobalSection(ExtensibilityGlobals) = postSolution
		SolutionGuid = {30B8FDE4-3EAE-42C0-83F3-7E1CC2FDCA2B}
	EndGlobalSection
EndGlobal
